lockfileVersion: '9.0'

settings:
  autoInstallPeers: true
  excludeLinksFromLockfile: false

importers:

  .:
    devDependencies:
      '@biomejs/biome':
        specifier: ^2.3.12
        version: 2.3.12
      jsdom:
        specifier: ^27.4.0
        version: 27.4.0
      ultracite:
        specifier: ^7.1.2
        version: 7.1.2

packages:

  '@acemir/cssom@0.9.30':
    resolution: {integrity: sha512-9CnlMCI0LmCIq0olalQqdWrJHPzm0/tw3gzOA9zJSgvFX7Xau3D24mAGa4BtwxwY69nsuJW6kQqqCzf/mEcQgg==}

  '@asamuzakjp/css-color@4.1.1':
    resolution: {integrity: sha512-B0Hv6G3gWGMn0xKJ0txEi/jM5iFpT3MfDxmhZFb4W047GvytCf1DHQ1D69W3zHI4yWe2aTZAA0JnbMZ7Xc8DuQ==}

  '@asamuzakjp/dom-selector@6.7.6':
    resolution: {integrity: sha512-hBaJER6A9MpdG3WgdlOolHmbOYvSk46y7IQN/1+iqiCuUu6iWdQrs9DGKF8ocqsEqWujWf/V7b7vaDgiUmIvUg==}

  '@asamuzakjp/nwsapi@2.3.9':
    resolution: {integrity: sha512-n8GuYSrI9bF7FFZ/SjhwevlHc8xaVlb/7HmHelnc/PZXBD2ZR49NnN9sMMuDdEGPeeRQ5d0hqlSlEpgCX3Wl0Q==}

  '@biomejs/biome@2.3.12':
    resolution: {integrity: sha512-AR7h4aSlAvXj7TAajW/V12BOw2EiS0AqZWV5dGozf4nlLoUF/ifvD0+YgKSskT0ylA6dY1A8AwgP8kZ6yaCQnA==}
    engines: {node: '>=14.21.3'}
    hasBin: true

  '@biomejs/cli-darwin-arm64@2.3.12':
    resolution: {integrity: sha512-cO6fn+KiMBemva6EARDLQBxeyvLzgidaFRJi8G7OeRqz54kWK0E+uSjgFaiHlc3DZYoa0+1UFE8mDxozpc9ieg==}
    engines: {node: '>=14.21.3'}
    cpu: [arm64]
    os: [darwin]

  '@biomejs/cli-darwin-x64@2.3.12':
    resolution: {integrity: sha512-/fiF/qmudKwSdvmSrSe/gOTkW77mHHkH8Iy7YC2rmpLuk27kbaUOPa7kPiH5l+3lJzTUfU/t6x1OuIq/7SGtxg==}
    engines: {node: '>=14.21.3'}
    cpu: [x64]
    os: [darwin]

  '@biomejs/cli-linux-arm64-musl@2.3.12':
    resolution: {integrity: sha512-aqkeSf7IH+wkzFpKeDVPSXy9uDjxtLpYA6yzkYsY+tVjwFFirSuajHDI3ul8en90XNs1NA0n8kgBrjwRi5JeyA==}
    engines: {node: '>=14.21.3'}
    cpu: [arm64]
    os: [linux]
    libc: [musl]

  '@biomejs/cli-linux-arm64@2.3.12':
    resolution: {integrity: sha512-nbOsuQROa3DLla5vvsTZg+T5WVPGi9/vYxETm9BOuLHBJN3oWQIg3MIkE2OfL18df1ZtNkqXkH6Yg9mdTPem7A==}
    engines: {node: '>=14.21.3'}
    cpu: [arm64]
    os: [linux]
    libc: [glibc]

  '@biomejs/cli-linux-x64-musl@2.3.12':
    resolution: {integrity: sha512-kVGWtupRRsOjvw47YFkk5mLiAdpCPMWBo1jOwAzh+juDpUb2sWarIp+iq+CPL1Wt0LLZnYtP7hH5kD6fskcxmg==}
    engines: {node: '>=14.21.3'}
    cpu: [x64]
    os: [linux]
    libc: [musl]

  '@biomejs/cli-linux-x64@2.3.12':
    resolution: {integrity: sha512-CQtqrJ+qEEI8tgRSTjjzk6wJAwfH3wQlkIGsM5dlecfRZaoT+XCms/mf7G4kWNexrke6mnkRzNy6w8ebV177ow==}
    engines: {node: '>=14.21.3'}
    cpu: [x64]
    os: [linux]
    libc: [glibc]

  '@biomejs/cli-win32-arm64@2.3.12':
    resolution: {integrity: sha512-Re4I7UnOoyE4kHMqpgtG6UvSBGBbbtvsOvBROgCCoH7EgANN6plSQhvo2W7OCITvTp7gD6oZOyZy72lUdXjqZg==}
    engines: {node: '>=14.21.3'}
    cpu: [arm64]
    os: [win32]

  '@biomejs/cli-win32-x64@2.3.12':
    resolution: {integrity: sha512-qqGVWqNNek0KikwPZlOIoxtXgsNGsX+rgdEzgw82Re8nF02W+E2WokaQhpF5TdBh/D/RQ3TLppH+otp6ztN0lw==}
    engines: {node: '>=14.21.3'}
    cpu: [x64]
    os: [win32]

  '@clack/core@0.5.0':
    resolution: {integrity: sha512-p3y0FIOwaYRUPRcMO7+dlmLh8PSRcrjuTndsiA0WAFbWES0mLZlrjVoBRZ9DzkPFJZG6KGkJmoEAY0ZcVWTkow==}

  '@clack/prompts@0.11.0':
    resolution: {integrity: sha512-pMN5FcrEw9hUkZA4f+zLlzivQSeQf5dRGJjSUbvVYDLvpKCdQx5OaknvKzgbtXOizhP+SJJJjqEbOe55uKKfAw==}

  '@csstools/color-helpers@5.1.0':
    resolution: {integrity: sha512-S11EXWJyy0Mz5SYvRmY8nJYTFFd1LCNV+7cXyAgQtOOuzb4EsgfqDufL+9esx72/eLhsRdGZwaldu/h+E4t4BA==}
    engines: {node: '>=18'}

  '@csstools/css-calc@2.1.4':
    resolution: {integrity: sha512-3N8oaj+0juUw/1H3YwmDDJXCgTB1gKU6Hc/bB502u9zR0q2vd786XJH9QfrKIEgFlZmhZiq6epXl4rHqhzsIgQ==}
    engines: {node: '>=18'}
    peerDependencies:
      '@csstools/css-parser-algorithms': ^3.0.5
      '@csstools/css-tokenizer': ^3.0.4

  '@csstools/css-color-parser@3.1.0':
    resolution: {integrity: sha512-nbtKwh3a6xNVIp/VRuXV64yTKnb1IjTAEEh3irzS+HkKjAOYLTGNb9pmVNntZ8iVBHcWDA2Dof0QtPgFI1BaTA==}
    engines: {node: '>=18'}
    peerDependencies:
      '@csstools/css-parser-algorithms': ^3.0.5
      '@csstools/css-tokenizer': ^3.0.4

  '@csstools/css-parser-algorithms@3.0.5':
    resolution: {integrity: sha512-DaDeUkXZKjdGhgYaHNJTV9pV7Y9B3b644jCLs9Upc3VeNGg6LWARAT6O+Q+/COo+2gg/bM5rhpMAtf70WqfBdQ==}
    engines: {node: '>=18'}
    peerDependencies:
      '@csstools/css-tokenizer': ^3.0.4

  '@csstools/css-syntax-patches-for-csstree@1.0.25':
    resolution: {integrity: sha512-g0Kw9W3vjx5BEBAF8c5Fm2NcB/Fs8jJXh85aXqwEXiL+tqtOut07TWgyaGzAAfTM+gKckrrncyeGEZPcaRgm2Q==}
    engines: {node: '>=18'}

  '@csstools/css-tokenizer@3.0.4':
    resolution: {integrity: sha512-Vd/9EVDiu6PPJt9yAh6roZP6El1xHrdvIVGjyBsHR0RYwNHgL7FJPyIIW4fANJNG6FtyZfvlRPpFI4ZM/lubvw==}
    engines: {node: '>=18'}

  '@exodus/bytes@1.8.0':
    resolution: {integrity: sha512-8JPn18Bcp8Uo1T82gR8lh2guEOa5KKU/IEKvvdp0sgmi7coPBWf1Doi1EXsGZb2ehc8ym/StJCjffYV+ne7sXQ==}
    engines: {node: ^20.19.0 || ^22.12.0 || >=24.0.0}
    peerDependencies:
      '@exodus/crypto': ^1.0.0-rc.4
    peerDependenciesMeta:
      '@exodus/crypto':
        optional: true

  '@isaacs/balanced-match@4.0.1':
    resolution: {integrity: sha512-yzMTt9lEb8Gv7zRioUilSglI0c0smZ9k5D65677DLWLtWJaXIS3CqcGyUFByYKlnUj6TkjLVs54fBl6+TiGQDQ==}
    engines: {node: 20 || >=22}

  '@isaacs/brace-expansion@5.0.0':
    resolution: {integrity: sha512-ZT55BDLV0yv0RBm2czMiZ+SqCGO7AvmOM3G/w2xhVPH+te0aKgFjmBvGlL1dH+ql2tgGO3MVrbb3jCKyvpgnxA==}
    engines: {node: 20 || >=22}

  agent-base@7.1.4:
    resolution: {integrity: sha512-MnA+YT8fwfJPgBx3m60MNqakm30XOkyIoH1y6huTQvC0PwZG7ki8NacLBcrPbNoo8vEZy7Jpuk7+jMO+CUovTQ==}
    engines: {node: '>= 14'}

  bidi-js@1.0.3:
    resolution: {integrity: sha512-RKshQI1R3YQ+n9YJz2QQ147P66ELpa1FQEg20Dk8oW9t2KgLbpDLLp9aGZ7y8WHSshDknG0bknqGw5/tyCs5tw==}

  citty@0.2.0:
    resolution: {integrity: sha512-8csy5IBFI2ex2hTVpaHN2j+LNE199AgiI7y4dMintrr8i0lQiFn+0AWMZrWdHKIgMOer65f8IThysYhoReqjWA==}

  commander@14.0.3:
    resolution: {integrity: sha512-H+y0Jo/T1RZ9qPP4Eh1pkcQcLRglraJaSLoyOtHxu6AapkjWVCy2Sit1QQ4x3Dng8qDlSsZEet7g5Pq06MvTgw==}
    engines: {node: '>=20'}

  css-tree@3.1.0:
    resolution: {integrity: sha512-0eW44TGN5SQXU1mWSkKwFstI/22X2bG1nYzZTYMAWjylYURhse752YgbE4Cx46AC+bAvI+/dYTPRk1LqSUnu6w==}
    engines: {node: ^10 || ^12.20.0 || ^14.13.0 || >=15.0.0}

  cssstyle@5.3.7:
    resolution: {integrity: sha512-7D2EPVltRrsTkhpQmksIu+LxeWAIEk6wRDMJ1qljlv+CKHJM+cJLlfhWIzNA44eAsHXSNe3+vO6DW1yCYx8SuQ==}
    engines: {node: '>=20'}

  data-urls@6.0.0:
    resolution: {integrity: sha512-BnBS08aLUM+DKamupXs3w2tJJoqU+AkaE/+6vQxi/G/DPmIZFJJp9Dkb1kM03AZx8ADehDUZgsNxju3mPXZYIA==}
    engines: {node: '>=20'}

  debug@4.4.3:
    resolution: {integrity: sha512-RGwwWnwQvkVfavKVt22FGLw+xYSdzARwm0ru6DhTVA3umU5hZc28V3kO4stgYryrTlLpuvgI9GiijltAjNbcqA==}
    engines: {node: '>=6.0'}
    peerDependencies:
      supports-color: '*'
    peerDependenciesMeta:
      supports-color:
        optional: true

  decimal.js@10.6.0:
    resolution: {integrity: sha512-YpgQiITW3JXGntzdUmyUR1V812Hn8T1YVXhCu+wO3OpS4eU9l4YdD3qjyiKdV6mvV29zapkMeD390UVEf2lkUg==}

  deepmerge@4.3.1:
    resolution: {integrity: sha512-3sUqbMEc77XqpdNO7FRyRog+eW3ph+GYCbj+rK+uYyRMuwsVy0rMiVtPn+QJlKFvWP/1PYpapqYn0Me2knFn+A==}
    engines: {node: '>=0.10.0'}

  entities@6.0.1:
    resolution: {integrity: sha512-aN97NXWF6AWBTahfVOIrB/NShkzi5H7F9r1s9mD3cDj4Ko5f2qhhVoYMibXF7GlLveb/D2ioWay8lxI97Ven3g==}
    engines: {node: '>=0.12'}

  glob@13.0.0:
    resolution: {integrity: sha512-tvZgpqk6fz4BaNZ66ZsRaZnbHvP/jG3uKJvAZOwEVUL4RTA5nJeeLYfyN9/VA8NX/V3IBG+hkeuGpKjvELkVhA==}
    engines: {node: 20 || >=22}

  html-encoding-sniffer@6.0.0:
    resolution: {integrity: sha512-CV9TW3Y3f8/wT0BRFc1/KAVQ3TUHiXmaAb6VW9vtiMFf7SLoMd1PdAc4W3KFOFETBJUb90KatHqlsZMWV+R9Gg==}
    engines: {node: ^20.19.0 || ^22.12.0 || >=24.0.0}

  http-proxy-agent@7.0.2:
    resolution: {integrity: sha512-T1gkAiYYDWYx3V5Bmyu7HcfcvL7mUrTWiM6yOfa3PIphViJ/gFPbvidQ+veqSOHci/PxBcDabeUNCzpOODJZig==}
    engines: {node: '>= 14'}

  https-proxy-agent@7.0.6:
    resolution: {integrity: sha512-vK9P5/iUfdl95AI+JVyUuIcVtd4ofvtrOr3HNtM2yxC9bnMbEdp3x01OhQNnjb8IJYi38VlTE3mBXwcfvywuSw==}
    engines: {node: '>= 14'}

  is-potential-custom-element-name@1.0.1:
    resolution: {integrity: sha512-bCYeRA2rVibKZd+s2625gGnGF/t7DSqDs4dP7CrLA1m7jKWz6pps0LpYLJN8Q64HtmPKJ1hrN3nzPNKFEKOUiQ==}

  jsdom@27.4.0:
    resolution: {integrity: sha512-mjzqwWRD9Y1J1KUi7W97Gja1bwOOM5Ug0EZ6UDK3xS7j7mndrkwozHtSblfomlzyB4NepioNt+B2sOSzczVgtQ==}
    engines: {node: ^20.19.0 || ^22.12.0 || >=24.0.0}
    peerDependencies:
      canvas: ^3.0.0
    peerDependenciesMeta:
      canvas:
        optional: true

  jsonc-parser@3.3.1:
    resolution: {integrity: sha512-HUgH65KyejrUFPvHFPbqOY0rsFip3Bo5wb4ngvdi1EpCYWUQDC5V+Y7mZws+DLkr4M//zQJoanu1SP+87Dv1oQ==}

  lru-cache@11.2.4:
    resolution: {integrity: sha512-B5Y16Jr9LB9dHVkh6ZevG+vAbOsNOYCX+sXvFWFu7B3Iz5mijW3zdbMyhsh8ANd2mSWBYdJgnqi+mL7/LrOPYg==}
    engines: {node: 20 || >=22}

  mdn-data@2.12.2:
    resolution: {integrity: sha512-IEn+pegP1aManZuckezWCO+XZQDplx1366JoVhTpMpBB1sPey/SbveZQUosKiKiGYjg1wH4pMlNgXbCiYgihQA==}

  minimatch@10.1.1:
    resolution: {integrity: sha512-enIvLvRAFZYXJzkCYG5RKmPfrFArdLv+R+lbQ53BmIMLIry74bjKzX6iHAm8WYamJkhSSEabrWN5D97XnKObjQ==}
    engines: {node: 20 || >=22}

  minipass@7.1.2:
    resolution: {integrity: sha512-qOOzS1cBTWYF4BH8fVePDBOO9iptMnGUEZwNc/cMWnTV2nVLZ7VoNWEPHkYczZA0pdoA7dl6e7FL659nX9S2aw==}
    engines: {node: '>=16 || 14 >=14.17'}

  ms@2.1.3:
    resolution: {integrity: sha512-6FlzubTLZG3J2a/NVCAleEhjzq5oxgHyaCU9yYXvcLsvoVaHJq/s5xXI6/XXP6tz7R9xAOtHnSO/tXtF3WRTlA==}

  nypm@0.6.4:
    resolution: {integrity: sha512-1TvCKjZyyklN+JJj2TS3P4uSQEInrM/HkkuSXsEzm1ApPgBffOn8gFguNnZf07r/1X6vlryfIqMUkJKQMzlZiw==}
    engines: {node: '>=18'}
    hasBin: true

  parse5@8.0.0:
    resolution: {integrity: sha512-9m4m5GSgXjL4AjumKzq1Fgfp3Z8rsvjRNbnkVwfu2ImRqE5D0LnY2QfDen18FSY9C573YU5XxSapdHZTZ2WolA==}

  path-scurry@2.0.1:
    resolution: {integrity: sha512-oWyT4gICAu+kaA7QWk/jvCHWarMKNs6pXOGWKDTr7cw4IGcUbW+PeTfbaQiLGheFRpjo6O9J0PmyMfQPjH71oA==}
    engines: {node: 20 || >=22}

  pathe@2.0.3:
    resolution: {integrity: sha512-WUjGcAqP1gQacoQe+OBJsFA7Ld4DyXuUIjZ5cc75cLHvJ7dtNsTugphxIADwspS+AraAUePCKrSVtPLFj/F88w==}

  picocolors@1.1.1:
    resolution: {integrity: sha512-xceH2snhtb5M9liqDsmEw56le376mTZkEX/jEb/RxNFyegNul7eNslCXP9FDj/Lcu0X8KEyMceP2ntpaHrDEVA==}

  punycode@2.3.1:
    resolution: {integrity: sha512-vYt7UD1U9Wg6138shLtLOvdAu+8DsC/ilFtEVHcH+wydcSpNE20AfSOduf6MkRFahL5FY7X1oU7nKVZFtfq8Fg==}
    engines: {node: '>=6'}

  require-from-string@2.0.2:
    resolution: {integrity: sha512-Xf0nWe6RseziFMu+Ap9biiUbmplq6S9/p+7w7YXP/JBHhrUDDUhwa+vANyubuqfZWTveU//DYVGsDG7RKL/vEw==}
    engines: {node: '>=0.10.0'}

  saxes@6.0.0:
    resolution: {integrity: sha512-xAg7SOnEhrm5zI3puOOKyy1OMcMlIJZYNJY7xLBwSze0UjhPLnWfj2GF2EpT0jmzaJKIWKHLsaSSajf35bcYnA==}
    engines: {node: '>=v12.22.7'}

  sisteransi@1.0.5:
    resolution: {integrity: sha512-bLGGlR1QxBcynn2d5YmDX4MGjlZvy2MRBDRNHLJ8VI6l6+9FUiyTFNJ0IveOSP0bcXgVDPRcfGqA0pjaqUpfVg==}

  source-map-js@1.2.1:
    resolution: {integrity: sha512-UXWMKhLOwVKb728IUtQPXxfYU+usdybtUrK/8uGE8CQMvrhOpwvzDBwj0QhSL7MQc7vIsISBG8VQ8+IDQxpfQA==}
    engines: {node: '>=0.10.0'}

  symbol-tree@3.2.4:
    resolution: {integrity: sha512-9QNk5KwDF+Bvz+PyObkmSYjI5ksVUYtjW7AU22r2NKcfLJcXp96hkDWU3+XndOsUb+AQ9QhfzfCT2O+CNWT5Tw==}

  tinyexec@1.0.2:
    resolution: {integrity: sha512-W/KYk+NFhkmsYpuHq5JykngiOCnxeVL8v8dFnqxSD8qEEdRfXk1SDM6JzNqcERbcGYj9tMrDQBYV9cjgnunFIg==}
    engines: {node: '>=18'}

  tldts-core@7.0.19:
    resolution: {integrity: sha512-lJX2dEWx0SGH4O6p+7FPwYmJ/bu1JbcGJ8RLaG9b7liIgZ85itUVEPbMtWRVrde/0fnDPEPHW10ZsKW3kVsE9A==}

  tldts@7.0.19:
    resolution: {integrity: sha512-8PWx8tvC4jDB39BQw1m4x8y5MH1BcQ5xHeL2n7UVFulMPH/3Q0uiamahFJ3lXA0zO2SUyRXuVVbWSDmstlt9YA==}
    hasBin: true

  tough-cookie@6.0.0:
    resolution: {integrity: sha512-kXuRi1mtaKMrsLUxz3sQYvVl37B0Ns6MzfrtV5DvJceE9bPyspOqk9xxv7XbZWcfLWbFmm997vl83qUWVJA64w==}
    engines: {node: '>=16'}

  tr46@6.0.0:
    resolution: {integrity: sha512-bLVMLPtstlZ4iMQHpFHTR7GAGj2jxi8Dg0s2h2MafAE4uSWF98FC/3MomU51iQAMf8/qDUbKWf5GxuvvVcXEhw==}
    engines: {node: '>=20'}

  ultracite@7.1.2:
    resolution: {integrity: sha512-9V3vh65wUljbm7KZsZIwmNldzO0T0ESe5YULgH8i80mM8O34+cTCYTELpQLVl4F06QAjwIGTUTHXGUK9UwZWcg==}
    hasBin: true
    peerDependencies:
      oxlint: ^1.0.0
    peerDependenciesMeta:
      oxlint:
        optional: true

  w3c-xmlserializer@5.0.0:
    resolution: {integrity: sha512-o8qghlI8NZHU1lLPrpi2+Uq7abh4GGPpYANlalzWxyWteJOCsr/P+oPBA49TOLu5FTZO4d3F9MnWJfiMo4BkmA==}
    engines: {node: '>=18'}

  webidl-conversions@8.0.1:
    resolution: {integrity: sha512-BMhLD/Sw+GbJC21C/UgyaZX41nPt8bUTg+jWyDeg7e7YN4xOM05YPSIXceACnXVtqyEw/LMClUQMtMZ+PGGpqQ==}
    engines: {node: '>=20'}

  whatwg-mimetype@4.0.0:
    resolution: {integrity: sha512-QaKxh0eNIi2mE9p2vEdzfagOKHCcj1pJ56EEHGQOVxp8r9/iszLUUV7v89x9O1p/T+NlTM5W7jW6+cz4Fq1YVg==}
    engines: {node: '>=18'}

  whatwg-url@15.1.0:
    resolution: {integrity: sha512-2ytDk0kiEj/yu90JOAp44PVPUkO9+jVhyf+SybKlRHSDlvOOZhdPIrr7xTH64l4WixO2cP+wQIcgujkGBPPz6g==}
    engines: {node: '>=20'}

  ws@8.19.0:
    resolution: {integrity: sha512-blAT2mjOEIi0ZzruJfIhb3nps74PRWTCz1IjglWEEpQl5XS/UNama6u2/rjFkDDouqr4L67ry+1aGIALViWjDg==}
    engines: {node: '>=10.0.0'}
    peerDependencies:
      bufferutil: ^4.0.1
      utf-8-validate: '>=5.0.2'
    peerDependenciesMeta:
      bufferutil:
        optional: true
      utf-8-validate:
        optional: true

  xml-name-validator@5.0.0:
    resolution: {integrity: sha512-EvGK8EJ3DhaHfbRlETOWAS5pO9MZITeauHKJyb8wyajUfQUenkIg2MvLDTZ4T/TgIcm3HU0TFBgWWboAZ30UHg==}
    engines: {node: '>=18'}

  xmlchars@2.2.0:
    resolution: {integrity: sha512-JZnDKK8B0RCDw84FNdDAIpZK+JuJw+s7Lz8nksI7SIuU3UXJJslUthsi+uWBUYOwPFwW7W7PRLRfUKpxjtjFCw==}

snapshots:

  '@acemir/cssom@0.9.30': {}

  '@asamuzakjp/css-color@4.1.1':
    dependencies:
      '@csstools/css-calc': 2.1.4(@csstools/css-parser-algorithms@3.0.5(@csstools/css-tokenizer@3.0.4))(@csstools/css-tokenizer@3.0.4)
      '@csstools/css-color-parser': 3.1.0(@csstools/css-parser-algorithms@3.0.5(@csstools/css-tokenizer@3.0.4))(@csstools/css-tokenizer@3.0.4)
      '@csstools/css-parser-algorithms': 3.0.5(@csstools/css-tokenizer@3.0.4)
      '@csstools/css-tokenizer': 3.0.4
      lru-cache: 11.2.4

  '@asamuzakjp/dom-selector@6.7.6':
    dependencies:
      '@asamuzakjp/nwsapi': 2.3.9
      bidi-js: 1.0.3
      css-tree: 3.1.0
      is-potential-custom-element-name: 1.0.1
      lru-cache: 11.2.4

  '@asamuzakjp/nwsapi@2.3.9': {}

  '@biomejs/biome@2.3.12':
    optionalDependencies:
      '@biomejs/cli-darwin-arm64': 2.3.12
      '@biomejs/cli-darwin-x64': 2.3.12
      '@biomejs/cli-linux-arm64': 2.3.12
      '@biomejs/cli-linux-arm64-musl': 2.3.12
      '@biomejs/cli-linux-x64': 2.3.12
      '@biomejs/cli-linux-x64-musl': 2.3.12
      '@biomejs/cli-win32-arm64': 2.3.12
      '@biomejs/cli-win32-x64': 2.3.12

  '@biomejs/cli-darwin-arm64@2.3.12':
    optional: true

  '@biomejs/cli-darwin-x64@2.3.12':
    optional: true

  '@biomejs/cli-linux-arm64-musl@2.3.12':
    optional: true

  '@biomejs/cli-linux-arm64@2.3.12':
    optional: true

  '@biomejs/cli-linux-x64-musl@2.3.12':
    optional: true

  '@biomejs/cli-linux-x64@2.3.12':
    optional: true

  '@biomejs/cli-win32-arm64@2.3.12':
    optional: true

  '@biomejs/cli-win32-x64@2.3.12':
    optional: true

  '@clack/core@0.5.0':
    dependencies:
      picocolors: 1.1.1
      sisteransi: 1.0.5

  '@clack/prompts@0.11.0':
    dependencies:
      '@clack/core': 0.5.0
      picocolors: 1.1.1
      sisteransi: 1.0.5

  '@csstools/color-helpers@5.1.0': {}

  '@csstools/css-calc@2.1.4(@csstools/css-parser-algorithms@3.0.5(@csstools/css-tokenizer@3.0.4))(@csstools/css-tokenizer@3.0.4)':
    dependencies:
      '@csstools/css-parser-algorithms': 3.0.5(@csstools/css-tokenizer@3.0.4)
      '@csstools/css-tokenizer': 3.0.4

  '@csstools/css-color-parser@3.1.0(@csstools/css-parser-algorithms@3.0.5(@csstools/css-tokenizer@3.0.4))(@csstools/css-tokenizer@3.0.4)':
    dependencies:
      '@csstools/color-helpers': 5.1.0
      '@csstools/css-calc': 2.1.4(@csstools/css-parser-algorithms@3.0.5(@csstools/css-tokenizer@3.0.4))(@csstools/css-tokenizer@3.0.4)
      '@csstools/css-parser-algorithms': 3.0.5(@csstools/css-tokenizer@3.0.4)
      '@csstools/css-tokenizer': 3.0.4

  '@csstools/css-parser-algorithms@3.0.5(@csstools/css-tokenizer@3.0.4)':
    dependencies:
      '@csstools/css-tokenizer': 3.0.4

  '@csstools/css-syntax-patches-for-csstree@1.0.25': {}

  '@csstools/css-tokenizer@3.0.4': {}

  '@exodus/bytes@1.8.0': {}

  '@isaacs/balanced-match@4.0.1': {}

  '@isaacs/brace-expansion@5.0.0':
    dependencies:
      '@isaacs/balanced-match': 4.0.1

  agent-base@7.1.4: {}

  bidi-js@1.0.3:
    dependencies:
      require-from-string: 2.0.2

  citty@0.2.0: {}

  commander@14.0.3: {}

  css-tree@3.1.0:
    dependencies:
      mdn-data: 2.12.2
      source-map-js: 1.2.1

  cssstyle@5.3.7:
    dependencies:
      '@asamuzakjp/css-color': 4.1.1
      '@csstools/css-syntax-patches-for-csstree': 1.0.25
      css-tree: 3.1.0
      lru-cache: 11.2.4

  data-urls@6.0.0:
    dependencies:
      whatwg-mimetype: 4.0.0
      whatwg-url: 15.1.0

  debug@4.4.3:
    dependencies:
      ms: 2.1.3

  decimal.js@10.6.0: {}

  deepmerge@4.3.1: {}

  entities@6.0.1: {}

  glob@13.0.0:
    dependencies:
      minimatch: 10.1.1
      minipass: 7.1.2
      path-scurry: 2.0.1

  html-encoding-sniffer@6.0.0:
    dependencies:
      '@exodus/bytes': 1.8.0
    transitivePeerDependencies:
      - '@exodus/crypto'

  http-proxy-agent@7.0.2:
    dependencies:
      agent-base: 7.1.4
      debug: 4.4.3
    transitivePeerDependencies:
      - supports-color

  https-proxy-agent@7.0.6:
    dependencies:
      agent-base: 7.1.4
      debug: 4.4.3
    transitivePeerDependencies:
      - supports-color

  is-potential-custom-element-name@1.0.1: {}

  jsdom@27.4.0:
    dependencies:
      '@acemir/cssom': 0.9.30
      '@asamuzakjp/dom-selector': 6.7.6
      '@exodus/bytes': 1.8.0
      cssstyle: 5.3.7
      data-urls: 6.0.0
      decimal.js: 10.6.0
      html-encoding-sniffer: 6.0.0
      http-proxy-agent: 7.0.2
      https-proxy-agent: 7.0.6
      is-potential-custom-element-name: 1.0.1
      parse5: 8.0.0
      saxes: 6.0.0
      symbol-tree: 3.2.4
      tough-cookie: 6.0.0
      w3c-xmlserializer: 5.0.0
      webidl-conversions: 8.0.1
      whatwg-mimetype: 4.0.0
      whatwg-url: 15.1.0
      ws: 8.19.0
      xml-name-validator: 5.0.0
    transitivePeerDependencies:
      - '@exodus/crypto'
      - bufferutil
      - supports-color
      - utf-8-validate

  jsonc-parser@3.3.1: {}

  lru-cache@11.2.4: {}

  mdn-data@2.12.2: {}

  minimatch@10.1.1:
    dependencies:
      '@isaacs/brace-expansion': 5.0.0

  minipass@7.1.2: {}

  ms@2.1.3: {}

  nypm@0.6.4:
    dependencies:
      citty: 0.2.0
      pathe: 2.0.3
      tinyexec: 1.0.2

  parse5@8.0.0:
    dependencies:
      entities: 6.0.1

  path-scurry@2.0.1:
    dependencies:
      lru-cache: 11.2.4
      minipass: 7.1.2

  pathe@2.0.3: {}

  picocolors@1.1.1: {}

  punycode@2.3.1: {}

  require-from-string@2.0.2: {}

  saxes@6.0.0:
    dependencies:
      xmlchars: 2.2.0

  sisteransi@1.0.5: {}

  source-map-js@1.2.1: {}

  symbol-tree@3.2.4: {}

  tinyexec@1.0.2: {}

  tldts-core@7.0.19: {}

  tldts@7.0.19:
    dependencies:
      tldts-core: 7.0.19

  tough-cookie@6.0.0:
    dependencies:
      tldts: 7.0.19

  tr46@6.0.0:
    dependencies:
      punycode: 2.3.1

  ultracite@7.1.2:
    dependencies:
      '@clack/prompts': 0.11.0
      commander: 14.0.3
      deepmerge: 4.3.1
      glob: 13.0.0
      jsonc-parser: 3.3.1
      nypm: 0.6.4

  w3c-xmlserializer@5.0.0:
    dependencies:
      xml-name-validator: 5.0.0

  webidl-conversions@8.0.1: {}

  whatwg-mimetype@4.0.0: {}

  whatwg-url@15.1.0:
    dependencies:
      tr46: 6.0.0
      webidl-conversions: 8.0.1

  ws@8.19.0: {}

  xml-name-validator@5.0.0: {}

  xmlchars@2.2.0: {}
